
Microsoft Visual Studio Solution File, Format Version 12.00
# Visual Studio Version 16
VisualStudioVersion = 16.0.29709.97
MinimumVisualStudioVersion = 10.0.40219.1
Project("{FAE04EC0-301F-11D3-BF4B-00C04F79EFBC}") = "Speed Typing Test - tester", "Speed Typing Test - tester\Speed Typing Test - tester.csproj", "{ED49C895-4F12-4DB7-BDB5-64BC0F238C4B}"
EndProject
Global
	GlobalSection(SolutionConfigurationPlatforms) = preSolution
		Debug|Any CPU = Debug|Any CPU
		Release|Any CPU = Release|Any CPU
	EndGlobalSection
	GlobalSection(ProjectConfigurationPlatforms) = postSolution
		{ED49C895-4F12-4DB7-BDB5-64BC0F238C4B}.Debug|Any CPU.ActiveCfg = Debug|Any CPU
		{ED49C895-4F12-4DB7-BDB5-64BC0F238C4B}.Debug|Any CPU.Build.0 = Debug|Any CPU
		{ED49C895-4F12-4DB7-BDB5-64BC0F238C4B}.Release|Any CPU.ActiveCfg = Release|Any CPU
		{ED49C895-4F12-4DB7-BDB5-64BC0F238C4B}.Release|Any CPU.Build.0 = Release|Any CPU
	EndGlobalSection
	GlobalSection(SolutionProperties) = preSolution
		HideSolutionNode = FALSE
	EndGlobalSection
	GlobalSection(ExtensibilityGlobals) = postSolution
		SolutionGuid = {07AC0AC5-27A5-4B54-8E0D-F1884A196940}
	EndGlobalSection
EndGlobal
