
Microsoft Visual Studio Solution File, Format Version 12.00
# Visual Studio Version 16
VisualStudioVersion = 16.0.30011.22
MinimumVisualStudioVersion = 10.0.40219.1
Project("{FAE04EC0-301F-11D3-BF4B-00C04F79EFBC}") = "Speed Typing Test - Form Template", "Speed Typing Test - Form Template\Speed Typing Test - Form Template.csproj", "{B081C157-E590-4D5C-8242-28BB56FF230C}"
EndProject
Global
	GlobalSection(SolutionConfigurationPlatforms) = preSolution
		Debug|Any CPU = Debug|Any CPU
		Release|Any CPU = Release|Any CPU
	EndGlobalSection
	GlobalSection(ProjectConfigurationPlatforms) = postSolution
		{B081C157-E590-4D5C-8242-28BB56FF230C}.Debug|Any CPU.ActiveCfg = Debug|Any CPU
		{B081C157-E590-4D5C-8242-28BB56FF230C}.Debug|Any CPU.Build.0 = Debug|Any CPU
		{B081C157-E590-4D5C-8242-28BB56FF230C}.Release|Any CPU.ActiveCfg = Release|Any CPU
		{B081C157-E590-4D5C-8242-28BB56FF230C}.Release|Any CPU.Build.0 = Release|Any CPU
	EndGlobalSection
	GlobalSection(SolutionProperties) = preSolution
		HideSolutionNode = FALSE
	EndGlobalSection
	GlobalSection(ExtensibilityGlobals) = postSolution
		SolutionGuid = {3DA443B5-2AE5-45D7-98B6-2C2973DA1E1A}
	EndGlobalSection
EndGlobal
